
Microsoft Visual Studio Solution File, Format Version 12.00
# Visual Studio 15
Project("{FAE04EC0-301F-11D3-BF4B-00C04F79EFBC}") = "UnityEngine.UI", "UnityEngine.UI.csproj", "{83F6343A-6A52-BCE8-52DF-8AA607A3D589}"
EndProject
Project("{FAE04EC0-301F-11D3-BF4B-00C04F79EFBC}") = "UnityEngine.TestRunner", "UnityEngine.TestRunner.csproj", "{B4877528-D202-6678-98DC-19E8B6C4678C}"
EndProject
Project("{FAE04EC0-301F-11D3-BF4B-00C04F79EFBC}") = "Assembly-CSharp", "Assembly-CSharp.csproj", "{B585E10C-2BDD-402A-04EF-869E231122F9}"
EndProject
Project("{FAE04EC0-301F-11D3-BF4B-00C04F79EFBC}") = "Unity.TextMeshPro", "Unity.TextMeshPro.csproj", "{37145869-B9EC-9502-6CCA-BEA0478F991C}"
EndProject
Project("{FAE04EC0-301F-11D3-BF4B-00C04F79EFBC}") = "Unity.Timeline", "Unity.Timeline.csproj", "{B45EFBDD-639C-0F42-D7DE-A3BF4999BBA0}"
EndProject
Project("{FAE04EC0-301F-11D3-BF4B-00C04F79EFBC}") = "Unity.TextMeshPro.Editor", "Unity.TextMeshPro.Editor.csproj", "{617CEFD3-202E-6446-EC6A-570A6A2569F6}"
EndProject
Project("{FAE04EC0-301F-11D3-BF4B-00C04F79EFBC}") = "Unity.Timeline.Editor", "Unity.Timeline.Editor.csproj", "{5D61033E-5AAA-911F-ACC2-B11EF6C69B52}"
EndProject
Project("{FAE04EC0-301F-11D3-BF4B-00C04F79EFBC}") = "Unity.CollabProxy.Editor", "Unity.CollabProxy.Editor.csproj", "{AA4F181A-25ED-BB37-F393-7735BE1EF029}"
EndProject
Project("{FAE04EC0-301F-11D3-BF4B-00C04F79EFBC}") = "UnityEditor.TestRunner", "UnityEditor.TestRunner.csproj", "{1051233A-81E4-21DA-F80C-53724FD074DE}"
EndProject
Project("{FAE04EC0-301F-11D3-BF4B-00C04F79EFBC}") = "UnityEditor.UI", "UnityEditor.UI.csproj", "{3E747BBD-DD63-5920-1CF0-BE80F0D1D11A}"
EndProject
Project("{FAE04EC0-301F-11D3-BF4B-00C04F79EFBC}") = "Unity.Rider.Editor", "Unity.Rider.Editor.csproj", "{A012FF70-0DA1-3A8B-2639-0295C19656D7}"
EndProject
Project("{FAE04EC0-301F-11D3-BF4B-00C04F79EFBC}") = "Unity.VisualStudio.Editor", "Unity.VisualStudio.Editor.csproj", "{0426CBE9-748A-EFC4-E70D-2A7C54A8DD46}"
EndProject
Project("{FAE04EC0-301F-11D3-BF4B-00C04F79EFBC}") = "Unity.VSCode.Editor", "Unity.VSCode.Editor.csproj", "{DD777A2E-B6DD-3983-1BA2-2A36F7A5C85B}"
EndProject
Project("{FAE04EC0-301F-11D3-BF4B-00C04F79EFBC}") = "Assembly-CSharp-Editor", "Assembly-CSharp-Editor.csproj", "{840E08A6-53FD-5085-49DA-A766456B13C2}"
EndProject
Project("{FAE04EC0-301F-11D3-BF4B-00C04F79EFBC}") = "UnityEngine.UI", "UnityEngine.UI.Player.csproj", "{601189D8-DFCB-EEE4-2A27-B72E31ACE110}"
EndProject
Project("{FAE04EC0-301F-11D3-BF4B-00C04F79EFBC}") = "UnityEngine.TestRunner", "UnityEngine.TestRunner.Player.csproj", "{9E09A7EF-074C-6A36-58C3-9C3CB86966C9}"
EndProject
Project("{FAE04EC0-301F-11D3-BF4B-00C04F79EFBC}") = "Assembly-CSharp", "Assembly-CSharp.Player.csproj", "{A7A2E505-E53F-35DB-FE60-52F34D176D2A}"
EndProject
Project("{FAE04EC0-301F-11D3-BF4B-00C04F79EFBC}") = "Unity.TextMeshPro", "Unity.TextMeshPro.Player.csproj", "{A0FB67D5-92D5-5AFF-242D-417626D0BD26}"
EndProject
Project("{FAE04EC0-301F-11D3-BF4B-00C04F79EFBC}") = "Unity.Timeline", "Unity.Timeline.Player.csproj", "{2B7F10A5-242D-1490-04B8-FF51F1A03C2B}"
EndProject
Global
	GlobalSection(SolutionConfigurationPlatforms) = preSolution
		Debug|Any CPU = Debug|Any CPU
		Release|Any CPU = Release|Any CPU
	EndGlobalSection
	GlobalSection(ProjectConfigurationPlatforms) = postSolution
		{83F6343A-6A52-BCE8-52DF-8AA607A3D589}.Debug|Any CPU.ActiveCfg = Debug|Any CPU
		{83F6343A-6A52-BCE8-52DF-8AA607A3D589}.Debug|Any CPU.Build.0 = Debug|Any CPU
		{83F6343A-6A52-BCE8-52DF-8AA607A3D589}.Release|Any CPU.ActiveCfg = Release|Any CPU
		{83F6343A-6A52-BCE8-52DF-8AA607A3D589}.Release|Any CPU.Build.0 = Release|Any CPU
		{B4877528-D202-6678-98DC-19E8B6C4678C}.Debug|Any CPU.ActiveCfg = Debug|Any CPU
		{B4877528-D202-6678-98DC-19E8B6C4678C}.Debug|Any CPU.Build.0 = Debug|Any CPU
		{B4877528-D202-6678-98DC-19E8B6C4678C}.Release|Any CPU.ActiveCfg = Release|Any CPU
		{B4877528-D202-6678-98DC-19E8B6C4678C}.Release|Any CPU.Build.0 = Release|Any CPU
		{B585E10C-2BDD-402A-04EF-869E231122F9}.Debug|Any CPU.ActiveCfg = Debug|Any CPU
		{B585E10C-2BDD-402A-04EF-869E231122F9}.Debug|Any CPU.Build.0 = Debug|Any CPU
		{B585E10C-2BDD-402A-04EF-869E231122F9}.Release|Any CPU.ActiveCfg = Release|Any CPU
		{B585E10C-2BDD-402A-04EF-869E231122F9}.Release|Any CPU.Build.0 = Release|Any CPU
		{37145869-B9EC-9502-6CCA-BEA0478F991C}.Debug|Any CPU.ActiveCfg = Debug|Any CPU
		{37145869-B9EC-9502-6CCA-BEA0478F991C}.Debug|Any CPU.Build.0 = Debug|Any CPU
		{37145869-B9EC-9502-6CCA-BEA0478F991C}.Release|Any CPU.ActiveCfg = Release|Any CPU
		{37145869-B9EC-9502-6CCA-BEA0478F991C}.Release|Any CPU.Build.0 = Release|Any CPU
		{B45EFBDD-639C-0F42-D7DE-A3BF4999BBA0}.Debug|Any CPU.ActiveCfg = Debug|Any CPU
		{B45EFBDD-639C-0F42-D7DE-A3BF4999BBA0}.Debug|Any CPU.Build.0 = Debug|Any CPU
		{B45EFBDD-639C-0F42-D7DE-A3BF4999BBA0}.Release|Any CPU.ActiveCfg = Release|Any CPU
		{B45EFBDD-639C-0F42-D7DE-A3BF4999BBA0}.Release|Any CPU.Build.0 = Release|Any CPU
		{617CEFD3-202E-6446-EC6A-570A6A2569F6}.Debug|Any CPU.ActiveCfg = Debug|Any CPU
		{617CEFD3-202E-6446-EC6A-570A6A2569F6}.Debug|Any CPU.Build.0 = Debug|Any CPU
		{617CEFD3-202E-6446-EC6A-570A6A2569F6}.Release|Any CPU.ActiveCfg = Release|Any CPU
		{617CEFD3-202E-6446-EC6A-570A6A2569F6}.Release|Any CPU.Build.0 = Release|Any CPU
		{5D61033E-5AAA-911F-ACC2-B11EF6C69B52}.Debug|Any CPU.ActiveCfg = Debug|Any CPU
		{5D61033E-5AAA-911F-ACC2-B11EF6C69B52}.Debug|Any CPU.Build.0 = Debug|Any CPU
		{5D61033E-5AAA-911F-ACC2-B11EF6C69B52}.Release|Any CPU.ActiveCfg = Release|Any CPU
		{5D61033E-5AAA-911F-ACC2-B11EF6C69B52}.Release|Any CPU.Build.0 = Release|Any CPU
		{AA4F181A-25ED-BB37-F393-7735BE1EF029}.Debug|Any CPU.ActiveCfg = Debug|Any CPU
		{AA4F181A-25ED-BB37-F393-7735BE1EF029}.Debug|Any CPU.Build.0 = Debug|Any CPU
		{AA4F181A-25ED-BB37-F393-7735BE1EF029}.Release|Any CPU.ActiveCfg = Release|Any CPU
		{AA4F181A-25ED-BB37-F393-7735BE1EF029}.Release|Any CPU.Build.0 = Release|Any CPU
		{1051233A-81E4-21DA-F80C-53724FD074DE}.Debug|Any CPU.ActiveCfg = Debug|Any CPU
		{1051233A-81E4-21DA-F80C-53724FD074DE}.Debug|Any CPU.Build.0 = Debug|Any CPU
		{1051233A-81E4-21DA-F80C-53724FD074DE}.Release|Any CPU.ActiveCfg = Release|Any CPU
		{1051233A-81E4-21DA-F80C-53724FD074DE}.Release|Any CPU.Build.0 = Release|Any CPU
		{3E747BBD-DD63-5920-1CF0-BE80F0D1D11A}.Debug|Any CPU.ActiveCfg = Debug|Any CPU
		{3E747BBD-DD63-5920-1CF0-BE80F0D1D11A}.Debug|Any CPU.Build.0 = Debug|Any CPU
		{3E747BBD-DD63-5920-1CF0-BE80F0D1D11A}.Release|Any CPU.ActiveCfg = Release|Any CPU
		{3E747BBD-DD63-5920-1CF0-BE80F0D1D11A}.Release|Any CPU.Build.0 = Release|Any CPU
		{A012FF70-0DA1-3A8B-2639-0295C19656D7}.Debug|Any CPU.ActiveCfg = Debug|Any CPU
		{A012FF70-0DA1-3A8B-2639-0295C19656D7}.Debug|Any CPU.Build.0 = Debug|Any CPU
		{A012FF70-0DA1-3A8B-2639-0295C19656D7}.Release|Any CPU.ActiveCfg = Release|Any CPU
		{A012FF70-0DA1-3A8B-2639-0295C19656D7}.Release|Any CPU.Build.0 = Release|Any CPU
		{0426CBE9-748A-EFC4-E70D-2A7C54A8DD46}.Debug|Any CPU.ActiveCfg = Debug|Any CPU
		{0426CBE9-748A-EFC4-E70D-2A7C54A8DD46}.Debug|Any CPU.Build.0 = Debug|Any CPU
		{0426CBE9-748A-EFC4-E70D-2A7C54A8DD46}.Release|Any CPU.ActiveCfg = Release|Any CPU
		{0426CBE9-748A-EFC4-E70D-2A7C54A8DD46}.Release|Any CPU.Build.0 = Release|Any CPU
		{DD777A2E-B6DD-3983-1BA2-2A36F7A5C85B}.Debug|Any CPU.ActiveCfg = Debug|Any CPU
		{DD777A2E-B6DD-3983-1BA2-2A36F7A5C85B}.Debug|Any CPU.Build.0 = Debug|Any CPU
		{DD777A2E-B6DD-3983-1BA2-2A36F7A5C85B}.Release|Any CPU.ActiveCfg = Release|Any CPU
		{DD777A2E-B6DD-3983-1BA2-2A36F7A5C85B}.Release|Any CPU.Build.0 = Release|Any CPU
		{840E08A6-53FD-5085-49DA-A766456B13C2}.Debug|Any CPU.ActiveCfg = Debug|Any CPU
		{840E08A6-53FD-5085-49DA-A766456B13C2}.Debug|Any CPU.Build.0 = Debug|Any CPU
		{840E08A6-53FD-5085-49DA-A766456B13C2}.Release|Any CPU.ActiveCfg = Release|Any CPU
		{840E08A6-53FD-5085-49DA-A766456B13C2}.Release|Any CPU.Build.0 = Release|Any CPU
		{601189D8-DFCB-EEE4-2A27-B72E31ACE110}.Debug|Any CPU.ActiveCfg = Debug|Any CPU
		{601189D8-DFCB-EEE4-2A27-B72E31ACE110}.Debug|Any CPU.Build.0 = Debug|Any CPU
		{601189D8-DFCB-EEE4-2A27-B72E31ACE110}.Release|Any CPU.ActiveCfg = Release|Any CPU
		{601189D8-DFCB-EEE4-2A27-B72E31ACE110}.Release|Any CPU.Build.0 = Release|Any CPU
		{9E09A7EF-074C-6A36-58C3-9C3CB86966C9}.Debug|Any CPU.ActiveCfg = Debug|Any CPU
		{9E09A7EF-074C-6A36-58C3-9C3CB86966C9}.Debug|Any CPU.Build.0 = Debug|Any CPU
		{9E09A7EF-074C-6A36-58C3-9C3CB86966C9}.Release|Any CPU.ActiveCfg = Release|Any CPU
		{9E09A7EF-074C-6A36-58C3-9C3CB86966C9}.Release|Any CPU.Build.0 = Release|Any CPU
		{A7A2E505-E53F-35DB-FE60-52F34D176D2A}.Debug|Any CPU.ActiveCfg = Debug|Any CPU
		{A7A2E505-E53F-35DB-FE60-52F34D176D2A}.Debug|Any CPU.Build.0 = Debug|Any CPU
		{A7A2E505-E53F-35DB-FE60-52F34D176D2A}.Release|Any CPU.ActiveCfg = Release|Any CPU
		{A7A2E505-E53F-35DB-FE60-52F34D176D2A}.Release|Any CPU.Build.0 = Release|Any CPU
		{A0FB67D5-92D5-5AFF-242D-417626D0BD26}.Debug|Any CPU.ActiveCfg = Debug|Any CPU
		{A0FB67D5-92D5-5AFF-242D-417626D0BD26}.Debug|Any CPU.Build.0 = Debug|Any CPU
		{A0FB67D5-92D5-5AFF-242D-417626D0BD26}.Release|Any CPU.ActiveCfg = Release|Any CPU
		{A0FB67D5-92D5-5AFF-242D-417626D0BD26}.Release|Any CPU.Build.0 = Release|Any CPU
		{2B7F10A5-242D-1490-04B8-FF51F1A03C2B}.Debug|Any CPU.ActiveCfg = Debug|Any CPU
		{2B7F10A5-242D-1490-04B8-FF51F1A03C2B}.Debug|Any CPU.Build.0 = Debug|Any CPU
		{2B7F10A5-242D-1490-04B8-FF51F1A03C2B}.Release|Any CPU.ActiveCfg = Release|Any CPU
		{2B7F10A5-242D-1490-04B8-FF51F1A03C2B}.Release|Any CPU.Build.0 = Release|Any CPU
	EndGlobalSection
	GlobalSection(SolutionProperties) = preSolution
		HideSolutionNode = FALSE
	EndGlobalSection
EndGlobal
