
Microsoft Visual Studio Solution File, Format Version 12.00
# Visual Studio 15
Project("{FAE04EC0-301F-11D3-BF4B-00C04F79EFBC}") = "Assembly-CSharp", "Assembly-CSharp.csproj", "{B585E10C-2BDD-402A-04EF-869E231122F9}"
EndProject
Project("{FAE04EC0-301F-11D3-BF4B-00C04F79EFBC}") = "Assembly-CSharp-Editor", "Assembly-CSharp-Editor.csproj", "{840E08A6-53FD-5085-49DA-A766456B13C2}"
EndProject
Global
	GlobalSection(SolutionConfigurationPlatforms) = preSolution
		Debug|Any CPU = Debug|Any CPU
		Release|Any CPU = Release|Any CPU
	EndGlobalSection
	GlobalSection(ProjectConfigurationPlatforms) = postSolution
		{B585E10C-2BDD-402A-04EF-869E231122F9}.Debug|Any CPU.ActiveCfg = Debug|Any CPU
		{B585E10C-2BDD-402A-04EF-869E231122F9}.Debug|Any CPU.Build.0 = Debug|Any CPU
		{B585E10C-2BDD-402A-04EF-869E231122F9}.Release|Any CPU.ActiveCfg = Release|Any CPU
		{B585E10C-2BDD-402A-04EF-869E231122F9}.Release|Any CPU.Build.0 = Release|Any CPU
		{840E08A6-53FD-5085-49DA-A766456B13C2}.Debug|Any CPU.ActiveCfg = Debug|Any CPU
		{840E08A6-53FD-5085-49DA-A766456B13C2}.Debug|Any CPU.Build.0 = Debug|Any CPU
		{840E08A6-53FD-5085-49DA-A766456B13C2}.Release|Any CPU.ActiveCfg = Release|Any CPU
		{840E08A6-53FD-5085-49DA-A766456B13C2}.Release|Any CPU.Build.0 = Release|Any CPU
	EndGlobalSection
	GlobalSection(SolutionProperties) = preSolution
		HideSolutionNode = FALSE
	EndGlobalSection
EndGlobal
